// !$*UTF8*$!
{
	archiveVersion = 1;
	classes = {
	};
	objectVersion = 46;
	objects = {

/* Begin PBXBuildFile section */
		C5481B3F1BBAD1DA00022070 /* AppDelegate.swift in Sources */ = {isa = PBXBuildFile; fileRef = C5481B3E1BBAD1DA00022070 /* AppDelegate.swift */; };
		C5481B411BBAD1DA00022070 /* ViewController.swift in Sources */ = {isa = PBXBuildFile; fileRef = C5481B401BBAD1DA00022070 /* ViewController.swift */; };
		C5481B441BBAD1DA00022070 /* Main.storyboard in Resources */ = {isa = PBXBuildFile; fileRef = C5481B421BBAD1DA00022070 /* Main.storyboard */; };
		C5481B461BBAD1DA00022070 /* Assets.xcassets in Resources */ = {isa = PBXBuildFile; fileRef = C5481B451BBAD1DA00022070 /* Assets.xcassets */; };
		C5481B491BBAD1DA00022070 /* LaunchScreen.storyboard in Resources */ = {isa = PBXBuildFile; fileRef = C5481B471BBAD1DA00022070 /* LaunchScreen.storyboard */; };
		C5481B511BBAD23B00022070 /* City.swift in Sources */ = {isa = PBXBuildFile; fileRef = C5481B501BBAD23B00022070 /* City.swift */; settings = {ASSET_TAGS = (); }; };
		C5481B551BBAD25B00022070 /* UTCity.m in Sources */ = {isa = PBXBuildFile; fileRef = C5481B541BBAD25B00022070 /* UTCity.m */; settings = {ASSET_TAGS = (); }; };
		C5481B7B1BBADEC400022070 /* AppDelegate.m in Sources */ = {isa = PBXBuildFile; fileRef = C5481B7A1BBADEC400022070 /* AppDelegate.m */; settings = {ASSET_TAGS = (); }; };
/* End PBXBuildFile section */

/* Begin PBXFileReference section */
		C5481B3B1BBAD1DA00022070 /* ObjC vs Swift.app */ = {isa = PBXFileReference; explicitFileType = wrapper.application; includeInIndex = 0; path = "ObjC vs Swift.app"; sourceTree = BUILT_PRODUCTS_DIR; };
		C5481B3E1BBAD1DA00022070 /* AppDelegate.swift */ = {isa = PBXFileReference; lastKnownFileType = sourcecode.swift; path = AppDelegate.swift; sourceTree = "<group>"; };
		C5481B401BBAD1DA00022070 /* ViewController.swift */ = {isa = PBXFileReference; lastKnownFileType = sourcecode.swift; path = ViewController.swift; sourceTree = "<group>"; };
		C5481B431BBAD1DA00022070 /* Base */ = {isa = PBXFileReference; lastKnownFileType = file.storyboard; name = Base; path = Base.lproj/Main.storyboard; sourceTree = "<group>"; };
		C5481B451BBAD1DA00022070 /* Assets.xcassets */ = {isa = PBXFileReference; lastKnownFileType = folder.assetcatalog; path = Assets.xcassets; sourceTree = "<group>"; };
		C5481B481BBAD1DA00022070 /* Base */ = {isa = PBXFileReference; lastKnownFileType = file.storyboard; name = Base; path = Base.lproj/LaunchScreen.storyboard; sourceTree = "<group>"; };
		C5481B4A1BBAD1DA00022070 /* Info.plist */ = {isa = PBXFileReference; lastKnownFileType = text.plist.xml; path = Info.plist; sourceTree = "<group>"; };
		C5481B501BBAD23B00022070 /* City.swift */ = {isa = PBXFileReference; fileEncoding = 4; lastKnownFileType = sourcecode.swift; path = City.swift; sourceTree = "<group>"; };
		C5481B521BBAD25A00022070 /* ObjC vs Swift-Bridging-Header.h */ = {isa = PBXFileReference; lastKnownFileType = sourcecode.c.h; path = "ObjC vs Swift-Bridging-Header.h"; sourceTree = "<group>"; };
		C5481B531BBAD25B00022070 /* UTCity.h */ = {isa = PBXFileReference; fileEncoding = 4; lastKnownFileType = sourcecode.c.h; path = UTCity.h; sourceTree = "<group>"; };
		C5481B541BBAD25B00022070 /* UTCity.m */ = {isa = PBXFileReference; fileEncoding = 4; lastKnownFileType = sourcecode.c.objc; path = UTCity.m; sourceTree = "<group>"; };
		C5481B791BBADEC400022070 /* AppDelegate.h */ = {isa = PBXFileReference; fileEncoding = 4; lastKnownFileType = sourcecode.c.h; path = AppDelegate.h; sourceTree = "<group>"; };
		C5481B7A1BBADEC400022070 /* AppDelegate.m */ = {isa = PBXFileReference; fileEncoding = 4; lastKnownFileType = sourcecode.c.objc; path = AppDelegate.m; sourceTree = "<group>"; };
/* End PBXFileReference section */

/* Begin PBXFrameworksBuildPhase section */
		C5481B381BBAD1DA00022070 /* Frameworks */ = {
			isa = PBXFrameworksBuildPhase;
			buildActionMask = 2147483647;
			files = (
			);
			runOnlyForDeploymentPostprocessing = 0;
		};
/* End PBXFrameworksBuildPhase section */

/* Begin PBXGroup section */
		C5481B321BBAD1DA00022070 = {
			isa = PBXGroup;
			children = (
				C5481B3D1BBAD1DA00022070 /* ObjC vs Swift */,
				C5481B3C1BBAD1DA00022070 /* Products */,
			);
			sourceTree = "<group>";
		};
		C5481B3C1BBAD1DA00022070 /* Products */ = {
			isa = PBXGroup;
			children = (
				C5481B3B1BBAD1DA00022070 /* ObjC vs Swift.app */,
			);
			name = Products;
			sourceTree = "<group>";
		};
		C5481B3D1BBAD1DA00022070 /* ObjC vs Swift */ = {
			isa = PBXGroup;
			children = (
				C5481B3E1BBAD1DA00022070 /* AppDelegate.swift */,
				C5481B791BBADEC400022070 /* AppDelegate.h */,
				C5481B7A1BBADEC400022070 /* AppDelegate.m */,
				C5481B401BBAD1DA00022070 /* ViewController.swift */,
				C5481B501BBAD23B00022070 /* City.swift */,
				C5481B531BBAD25B00022070 /* UTCity.h */,
				C5481B541BBAD25B00022070 /* UTCity.m */,
				C5481B421BBAD1DA00022070 /* Main.storyboard */,
				C5481B451BBAD1DA00022070 /* Assets.xcassets */,
				C5481B471BBAD1DA00022070 /* LaunchScreen.storyboard */,
				C5481B4A1BBAD1DA00022070 /* Info.plist */,
				C5481B521BBAD25A00022070 /* ObjC vs Swift-Bridging-Header.h */,
			);
			path = "ObjC vs Swift";
			sourceTree = "<group>";
		};
/* End PBXGroup section */

/* Begin PBXNativeTarget section */
		C5481B3A1BBAD1DA00022070 /* ObjC vs Swift */ = {
			isa = PBXNativeTarget;
			buildConfigurationList = C5481B4D1BBAD1DA00022070 /* Build configuration list for PBXNativeTarget "ObjC vs Swift" */;
			buildPhases = (
				C5481B371BBAD1DA00022070 /* Sources */,
				C5481B381BBAD1DA00022070 /* Frameworks */,
				C5481B391BBAD1DA00022070 /* Resources */,
			);
			buildRules = (
			);
			dependencies = (
			);
			name = "ObjC vs Swift";
			productName = "ObjC vs Swift";
			productReference = C5481B3B1BBAD1DA00022070 /* ObjC vs Swift.app */;
			productType = "com.apple.product-type.application";
		};
/* End PBXNativeTarget section */

/* Begin PBXProject section */
		C5481B331BBAD1DA00022070 /* Project object */ = {
			isa = PBXProject;
			attributes = {
				LastSwiftUpdateCheck = 0700;
				LastUpgradeCheck = 0700;
				ORGANIZATIONNAME = "Alexey Huralnyk";
				TargetAttributes = {
					C5481B3A1BBAD1DA00022070 = {
						CreatedOnToolsVersion = 7.0.1;
					};
				};
			};
			buildConfigurationList = C5481B361BBAD1DA00022070 /* Build configuration list for PBXProject "ObjC vs Swift" */;
			compatibilityVersion = "Xcode 3.2";
			developmentRegion = English;
			hasScannedForEncodings = 0;
			knownRegions = (
				en,
				Base,
			);
			mainGroup = C5481B321BBAD1DA00022070;
			productRefGroup = C5481B3C1BBAD1DA00022070 /* Products */;
			projectDirPath = "";
			projectRoot = "";
			targets = (
				C5481B3A1BBAD1DA00022070 /* ObjC vs Swift */,
			);
		};
/* End PBXProject section */

/* Begin PBXResourcesBuildPhase section */
		C5481B391BBAD1DA00022070 /* Resources */ = {
			isa = PBXResourcesBuildPhase;
			buildActionMask = 2147483647;
			files = (
				C5481B491BBAD1DA00022070 /* LaunchScreen.storyboard in Resources */,
				C5481B461BBAD1DA00022070 /* Assets.xcassets in Resources */,
				C5481B441BBAD1DA00022070 /* Main.storyboard in Resources */,
			);
			runOnlyForDeploymentPostprocessing = 0;
		};
/* End PBXResourcesBuildPhase section */

/* Begin PBXSourcesBuildPhase section */
		C5481B371BBAD1DA00022070 /* Sources */ = {
			isa = PBXSourcesBuildPhase;
			buildActionMask = 2147483647;
			files = (
				C5481B411BBAD1DA00022070 /* ViewController.swift in Sources */,
				C5481B551BBAD25B00022070 /* UTCity.m in Sources */,
				C5481B3F1BBAD1DA00022070 /* AppDelegate.swift in Sources */,
				C5481B511BBAD23B00022070 /* City.swift in Sources */,
				C5481B7B1BBADEC400022070 /* AppDelegate.m in Sources */,
			);
			runOnlyForDeploymentPostprocessing = 0;
		};
/* End PBXSourcesBuildPhase section */

/* Begin PBXVariantGroup section */
		C5481B421BBAD1DA00022070 /* Main.storyboard */ = {
			isa = PBXVariantGroup;
			children = (
				C5481B431BBAD1DA00022070 /* Base */,
			);
			name = Main.storyboard;
			sourceTree = "<group>";
		};
		C5481B471BBAD1DA00022070 /* LaunchScreen.storyboard */ = {
			isa = PBXVariantGroup;
			children = (
				C5481B481BBAD1DA00022070 /* Base */,
			);
			name = LaunchScreen.storyboard;
			sourceTree = "<group>";
		};
/* End PBXVariantGroup section */

/* Begin XCBuildConfiguration section */
		C5481B4B1BBAD1DA00022070 /* Debug */ = {
			isa = XCBuildConfiguration;
			buildSettings = {
				ALWAYS_SEARCH_USER_PATHS = NO;
				CLANG_CXX_LANGUAGE_STANDARD = "gnu++0x";
				CLANG_CXX_LIBRARY = "libc++";
				CLANG_ENABLE_MODULES = YES;
				CLANG_ENABLE_OBJC_ARC = YES;
				CLANG_WARN_BOOL_CONVERSION = YES;
				CLANG_WARN_CONSTANT_CONVERSION = YES;
				CLANG_WARN_DIRECT_OBJC_ISA_USAGE = YES_ERROR;
				CLANG_WARN_EMPTY_BODY = YES;
				CLANG_WARN_ENUM_CONVERSION = YES;
				CLANG_WARN_INT_CONVERSION = YES;
				CLANG_WARN_OBJC_ROOT_CLASS = YES_ERROR;
				CLANG_WARN_UNREACHABLE_CODE = YES;
				CLANG_WARN__DUPLICATE_METHOD_MATCH = YES;
				"CODE_SIGN_IDENTITY[sdk=iphoneos*]" = "iPhone Developer";
				COPY_PHASE_STRIP = NO;
				DEBUG_INFORMATION_FORMAT = dwarf;
				ENABLE_STRICT_OBJC_MSGSEND = YES;
				ENABLE_TESTABILITY = YES;
				GCC_C_LANGUAGE_STANDARD = gnu99;
				GCC_DYNAMIC_NO_PIC = NO;
				GCC_NO_COMMON_BLOCKS = YES;
				GCC_OPTIMIZATION_LEVEL = 0;
				GCC_PREPROCESSOR_DEFINITIONS = (
					"DEBUG=1",
					"$(inherited)",
				);
				GCC_WARN_64_TO_32_BIT_CONVERSION = YES;
				GCC_WARN_ABOUT_RETURN_TYPE = YES_ERROR;
				GCC_WARN_UNDECLARED_SELECTOR = YES;
				GCC_WARN_UNINITIALIZED_AUTOS = YES_AGGRESSIVE;
				GCC_WARN_UNUSED_FUNCTION = YES;
				GCC_WARN_UNUSED_VARIABLE = YES;
				IPHONEOS_DEPLOYMENT_TARGET = 9.0;
				MTL_ENABLE_DEBUG_INFO = YES;
				ONLY_ACTIVE_ARCH = YES;
				SDKROOT = iphoneos;
				SWIFT_OPTIMIZATION_LEVEL = "-Onone";
				TARGETED_DEVICE_FAMILY = "1,2";
			};
			name = Debug;
		};
		C5481B4C1BBAD1DA00022070 /* Release */ = {
			isa = XCBuildConfiguration;
			buildSettings = {
				ALWAYS_SEARCH_USER_PATHS = NO;
				CLANG_CXX_LANGUAGE_STANDARD = "gnu++0x";
				CLANG_CXX_LIBRARY = "libc++";
				CLANG_ENABLE_MODULES = YES;
				CLANG_ENABLE_OBJC_ARC = YES;
				CLANG_WARN_BOOL_CONVERSION = YES;
				CLANG_WARN_CONSTANT_CONVERSION = YES;
				CLANG_WARN_DIRECT_OBJC_ISA_USAGE = YES_ERROR;
				CLANG_WARN_EMPTY_BODY = YES;
				CLANG_WARN_ENUM_CONVERSION = YES;
				CLANG_WARN_INT_CONVERSION = YES;
				CLANG_WARN_OBJC_ROOT_CLASS = YES_ERROR;
				CLANG_WARN_UNREACHABLE_CODE = YES;
				CLANG_WARN__DUPLICATE_METHOD_MATCH = YES;
				"CODE_SIGN_IDENTITY[sdk=iphoneos*]" = "iPhone Developer";
				COPY_PHASE_STRIP = NO;
				DEBUG_INFORMATION_FORMAT = "dwarf-with-dsym";
				ENABLE_NS_ASSERTIONS = NO;
				ENABLE_STRICT_OBJC_MSGSEND = YES;
				GCC_C_LANGUAGE_STANDARD = gnu99;
				GCC_NO_COMMON_BLOCKS = YES;
				GCC_WARN_64_TO_32_BIT_CONVERSION = YES;
				GCC_WARN_ABOUT_RETURN_TYPE = YES_ERROR;
				GCC_WARN_UNDECLARED_SELECTOR = YES;
				GCC_WARN_UNINITIALIZED_AUTOS = YES_AGGRESSIVE;
				GCC_WARN_UNUSED_FUNCTION = YES;
				GCC_WARN_UNUSED_VARIABLE = YES;
				IPHONEOS_DEPLOYMENT_TARGET = 9.0;
				MTL_ENABLE_DEBUG_INFO = NO;
				SDKROOT = iphoneos;
				TARGETED_DEVICE_FAMILY = "1,2";
				VALIDATE_PRODUCT = YES;
			};
			name = Release;
		};
		C5481B4E1BBAD1DA00022070 /* Debug */ = {
			isa = XCBuildConfiguration;
			buildSettings = {
				ASSETCATALOG_COMPILER_APPICON_NAME = AppIcon;
				CLANG_ENABLE_MODULES = YES;
				INFOPLIST_FILE = "ObjC vs Swift/Info.plist";
				LD_RUNPATH_SEARCH_PATHS = "$(inherited) @executable_path/Frameworks";
				PRODUCT_BUNDLE_IDENTIFIER = "com.huralnyk.ObjC-vs-Swift";
				PRODUCT_NAME = "$(TARGET_NAME)";
				SWIFT_OBJC_BRIDGING_HEADER = "ObjC vs Swift/ObjC vs Swift-Bridging-Header.h";
				SWIFT_OPTIMIZATION_LEVEL = "-Onone";
			};
			name = Debug;
		};
		C5481B4F1BBAD1DA00022070 /* Release */ = {
			isa = XCBuildConfiguration;
			buildSettings = {
				ASSETCATALOG_COMPILER_APPICON_NAME = AppIcon;
				CLANG_ENABLE_MODULES = YES;
				INFOPLIST_FILE = "ObjC vs Swift/Info.plist";
				LD_RUNPATH_SEARCH_PATHS = "$(inherited) @executable_path/Frameworks";
				PRODUCT_BUNDLE_IDENTIFIER = "com.huralnyk.ObjC-vs-Swift";
				PRODUCT_NAME = "$(TARGET_NAME)";
				SWIFT_OBJC_BRIDGING_HEADER = "ObjC vs Swift/ObjC vs Swift-Bridging-Header.h";
			};
			name = Release;
		};
/* End XCBuildConfiguration section */

/* Begin XCConfigurationList section */
		C5481B361BBAD1DA00022070 /* Build configuration list for PBXProject "ObjC vs Swift" */ = {
			isa = XCConfigurationList;
			buildConfigurations = (
				C5481B4B1BBAD1DA00022070 /* Debug */,
				C5481B4C1BBAD1DA00022070 /* Release */,
			);
			defaultConfigurationIsVisible = 0;
			defaultConfigurationName = Release;
		};
		C5481B4D1BBAD1DA00022070 /* Build configuration list for PBXNativeTarget "ObjC vs Swift" */ = {
			isa = XCConfigurationList;
			buildConfigurations = (
				C5481B4E1BBAD1DA00022070 /* Debug */,
				C5481B4F1BBAD1DA00022070 /* Release */,
			);
			defaultConfigurationIsVisible = 0;
		};
/* End XCConfigurationList section */
	};
	rootObject = C5481B331BBAD1DA00022070 /* Project object */;
}
